
Microsoft Visual Studio Solution File, Format Version 12.00
# Visual Studio Version 17
VisualStudioVersion = 17.3.32901.215
MinimumVisualStudioVersion = 10.0.40219.1
Project("{FAE04EC0-301F-11D3-BF4B-00C04F79EFBC}") = "VBILLING.API", "VBILLING.API\VBILLING.API.csproj", "{665435D6-B9B9-4FD8-A2B7-5B86BA6B27CD}"
EndProject
Global
	GlobalSection(SolutionConfigurationPlatforms) = preSolution
		Debug|Any CPU = Debug|Any CPU
		Release|Any CPU = Release|Any CPU
	EndGlobalSection
	GlobalSection(ProjectConfigurationPlatforms) = postSolution
		{665435D6-B9B9-4FD8-A2B7-5B86BA6B27CD}.Debug|Any CPU.ActiveCfg = Debug|Any CPU
		{665435D6-B9B9-4FD8-A2B7-5B86BA6B27CD}.Debug|Any CPU.Build.0 = Debug|Any CPU
		{665435D6-B9B9-4FD8-A2B7-5B86BA6B27CD}.Release|Any CPU.ActiveCfg = Release|Any CPU
		{665435D6-B9B9-4FD8-A2B7-5B86BA6B27CD}.Release|Any CPU.Build.0 = Release|Any CPU
	EndGlobalSection
	GlobalSection(SolutionProperties) = preSolution
		HideSolutionNode = FALSE
	EndGlobalSection
	GlobalSection(ExtensibilityGlobals) = postSolution
		SolutionGuid = {EF5F2D0E-D6B6-4659-8835-8099457A6967}
	EndGlobalSection
EndGlobal
